{
  "pins" : [
    {
      "identity" : "grdb.swift",
      "kind" : "remoteSourceControl",
      "location" : "https://github.com/groue/GRDB.swift",
      "state" : {
        "revision" : "ba68e3b02d9ed953a0c9ff43183f856f20c9b7ce",
        "version" : "6.6.1"
      }
    },
    {
      "identity" : "grdbquery",
      "kind" : "remoteSourceControl",
      "location" : "https://github.com/groue/GRDBQuery",
      "state" : {
        "revision" : "df514f2bd74548f94e082f3233022190e594fce4",
        "version" : "0.5.1"
      }
    },
    {
      "identity" : "pulse",
      "kind" : "remoteSourceControl",
      "location" : "https://github.com/kean/Pulse",
      "state" : {
        "revision" : "84619ccca3464ea16cba8ddc8dc07cb8cb7af335",
        "version" : "3.4.2"
      }
    }
  ],
  "version" : 2
}
