// !$*UTF8*$!
{
	archiveVersion = 1;
	classes = {
	};
	objectVersion = 56;
	objects = {

/* Begin PBXBuildFile section */
		6745DD4E29949DE300C5A8DD /* BotwGuideApp.swift in Sources */ = {isa = PBXBuildFile; fileRef = 6745DD4D29949DE300C5A8DD /* BotwGuideApp.swift */; };
		6745DD5029949DE300C5A8DD /* ContentView.swift in Sources */ = {isa = PBXBuildFile; fileRef = 6745DD4F29949DE300C5A8DD /* ContentView.swift */; };
		6745DD5229949DE400C5A8DD /* Assets.xcassets in Resources */ = {isa = PBXBuildFile; fileRef = 6745DD5129949DE400C5A8DD /* Assets.xcassets */; };
		6745DD5529949DE400C5A8DD /* Preview Assets.xcassets in Resources */ = {isa = PBXBuildFile; fileRef = 6745DD5429949DE400C5A8DD /* Preview Assets.xcassets */; };
		6745DD5F29949DE500C5A8DD /* BotwGuideTests.swift in Sources */ = {isa = PBXBuildFile; fileRef = 6745DD5E29949DE500C5A8DD /* BotwGuideTests.swift */; };
		6745DD6929949DE500C5A8DD /* BotwGuideUITests.swift in Sources */ = {isa = PBXBuildFile; fileRef = 6745DD6829949DE500C5A8DD /* BotwGuideUITests.swift */; };
		6745DD6B29949DE500C5A8DD /* BotwGuideUITestsLaunchTests.swift in Sources */ = {isa = PBXBuildFile; fileRef = 6745DD6A29949DE500C5A8DD /* BotwGuideUITestsLaunchTests.swift */; };
		6745DD7929949DF700C5A8DD /* GRDBQuery in Frameworks */ = {isa = PBXBuildFile; productRef = 6745DD7829949DF700C5A8DD /* GRDBQuery */; };
		6745DD7C29949E1500C5A8DD /* GRDB in Frameworks */ = {isa = PBXBuildFile; productRef = 6745DD7B29949E1500C5A8DD /* GRDB */; };
		6745DD7E29949E6E00C5A8DD /* Persistence.swift in Sources */ = {isa = PBXBuildFile; fileRef = 6745DD7D29949E6E00C5A8DD /* Persistence.swift */; };
		6745DD8129949EBA00C5A8DD /* Player.swift in Sources */ = {isa = PBXBuildFile; fileRef = 6745DD8029949EBA00C5A8DD /* Player.swift */; };
		6745DD8429949EE700C5A8DD /* PlayerCountRequest.swift in Sources */ = {isa = PBXBuildFile; fileRef = 6745DD8329949EE700C5A8DD /* PlayerCountRequest.swift */; };
		6745DD8629949EF600C5A8DD /* PlayerPresenceRequest.swift in Sources */ = {isa = PBXBuildFile; fileRef = 6745DD8529949EF600C5A8DD /* PlayerPresenceRequest.swift */; };
		6745DD8829949F0900C5A8DD /* PlayerRequest.swift in Sources */ = {isa = PBXBuildFile; fileRef = 6745DD8729949F0900C5A8DD /* PlayerRequest.swift */; };
		6745DD8F29949F5700C5A8DD /* PlayerEditionView.swift in Sources */ = {isa = PBXBuildFile; fileRef = 6745DD8E29949F5700C5A8DD /* PlayerEditionView.swift */; };
		6745DD9129949F6800C5A8DD /* PlayerFormView.swift in Sources */ = {isa = PBXBuildFile; fileRef = 6745DD9029949F6800C5A8DD /* PlayerFormView.swift */; };
		6745DD9329949F7900C5A8DD /* PlayerCreationView.swift in Sources */ = {isa = PBXBuildFile; fileRef = 6745DD9229949F7900C5A8DD /* PlayerCreationView.swift */; };
		6745DD9529949F8600C5A8DD /* PlayerListView.swift in Sources */ = {isa = PBXBuildFile; fileRef = 6745DD9429949F8600C5A8DD /* PlayerListView.swift */; };
		6745DD982994AC9400C5A8DD /* Pulse in Frameworks */ = {isa = PBXBuildFile; productRef = 6745DD972994AC9400C5A8DD /* Pulse */; };
		67E0D2972995551C00CDDC82 /* AppDatabase.swift in Sources */ = {isa = PBXBuildFile; fileRef = 67E0D2962995551C00CDDC82 /* AppDatabase.swift */; };
		67E3647A2995F0680019D4D8 /* CGColorExt.swift in Sources */ = {isa = PBXBuildFile; fileRef = 67E364792995F0680019D4D8 /* CGColorExt.swift */; };
		67E3647C2995F0810019D4D8 /* ColorExt.swift in Sources */ = {isa = PBXBuildFile; fileRef = 67E3647B2995F0810019D4D8 /* ColorExt.swift */; };
		67E3647F2995F3890019D4D8 /* swift-format.config.json in Resources */ = {isa = PBXBuildFile; fileRef = 67E3647E2995F3890019D4D8 /* swift-format.config.json */; };
/* End PBXBuildFile section */

/* Begin PBXContainerItemProxy section */
		6745DD5B29949DE500C5A8DD /* PBXContainerItemProxy */ = {
			isa = PBXContainerItemProxy;
			containerPortal = 6745DD4229949DE300C5A8DD /* Project object */;
			proxyType = 1;
			remoteGlobalIDString = 6745DD4929949DE300C5A8DD;
			remoteInfo = BotwGuide;
		};
		6745DD6529949DE500C5A8DD /* PBXContainerItemProxy */ = {
			isa = PBXContainerItemProxy;
			containerPortal = 6745DD4229949DE300C5A8DD /* Project object */;
			proxyType = 1;
			remoteGlobalIDString = 6745DD4929949DE300C5A8DD;
			remoteInfo = BotwGuide;
		};
/* End PBXContainerItemProxy section */

/* Begin PBXFileReference section */
		6745DD4A29949DE300C5A8DD /* BotwGuide.app */ = {isa = PBXFileReference; explicitFileType = wrapper.application; includeInIndex = 0; path = BotwGuide.app; sourceTree = BUILT_PRODUCTS_DIR; };
		6745DD4D29949DE300C5A8DD /* BotwGuideApp.swift */ = {isa = PBXFileReference; lastKnownFileType = sourcecode.swift; path = BotwGuideApp.swift; sourceTree = "<group>"; };
		6745DD4F29949DE300C5A8DD /* ContentView.swift */ = {isa = PBXFileReference; lastKnownFileType = sourcecode.swift; path = ContentView.swift; sourceTree = "<group>"; };
		6745DD5129949DE400C5A8DD /* Assets.xcassets */ = {isa = PBXFileReference; lastKnownFileType = folder.assetcatalog; path = Assets.xcassets; sourceTree = "<group>"; };
		6745DD5429949DE400C5A8DD /* Preview Assets.xcassets */ = {isa = PBXFileReference; lastKnownFileType = folder.assetcatalog; path = "Preview Assets.xcassets"; sourceTree = "<group>"; };
		6745DD5A29949DE500C5A8DD /* BotwGuideTests.xctest */ = {isa = PBXFileReference; explicitFileType = wrapper.cfbundle; includeInIndex = 0; path = BotwGuideTests.xctest; sourceTree = BUILT_PRODUCTS_DIR; };
		6745DD5E29949DE500C5A8DD /* BotwGuideTests.swift */ = {isa = PBXFileReference; lastKnownFileType = sourcecode.swift; path = BotwGuideTests.swift; sourceTree = "<group>"; };
		6745DD6429949DE500C5A8DD /* BotwGuideUITests.xctest */ = {isa = PBXFileReference; explicitFileType = wrapper.cfbundle; includeInIndex = 0; path = BotwGuideUITests.xctest; sourceTree = BUILT_PRODUCTS_DIR; };
		6745DD6829949DE500C5A8DD /* BotwGuideUITests.swift */ = {isa = PBXFileReference; lastKnownFileType = sourcecode.swift; path = BotwGuideUITests.swift; sourceTree = "<group>"; };
		6745DD6A29949DE500C5A8DD /* BotwGuideUITestsLaunchTests.swift */ = {isa = PBXFileReference; lastKnownFileType = sourcecode.swift; path = BotwGuideUITestsLaunchTests.swift; sourceTree = "<group>"; };
		6745DD7D29949E6E00C5A8DD /* Persistence.swift */ = {isa = PBXFileReference; lastKnownFileType = sourcecode.swift; path = Persistence.swift; sourceTree = "<group>"; };
		6745DD8029949EBA00C5A8DD /* Player.swift */ = {isa = PBXFileReference; lastKnownFileType = sourcecode.swift; path = Player.swift; sourceTree = "<group>"; };
		6745DD8329949EE700C5A8DD /* PlayerCountRequest.swift */ = {isa = PBXFileReference; lastKnownFileType = sourcecode.swift; path = PlayerCountRequest.swift; sourceTree = "<group>"; };
		6745DD8529949EF600C5A8DD /* PlayerPresenceRequest.swift */ = {isa = PBXFileReference; lastKnownFileType = sourcecode.swift; path = PlayerPresenceRequest.swift; sourceTree = "<group>"; };
		6745DD8729949F0900C5A8DD /* PlayerRequest.swift */ = {isa = PBXFileReference; lastKnownFileType = sourcecode.swift; path = PlayerRequest.swift; sourceTree = "<group>"; };
		6745DD8E29949F5700C5A8DD /* PlayerEditionView.swift */ = {isa = PBXFileReference; lastKnownFileType = sourcecode.swift; path = PlayerEditionView.swift; sourceTree = "<group>"; };
		6745DD9029949F6800C5A8DD /* PlayerFormView.swift */ = {isa = PBXFileReference; lastKnownFileType = sourcecode.swift; path = PlayerFormView.swift; sourceTree = "<group>"; };
		6745DD9229949F7900C5A8DD /* PlayerCreationView.swift */ = {isa = PBXFileReference; lastKnownFileType = sourcecode.swift; path = PlayerCreationView.swift; sourceTree = "<group>"; };
		6745DD9429949F8600C5A8DD /* PlayerListView.swift */ = {isa = PBXFileReference; lastKnownFileType = sourcecode.swift; path = PlayerListView.swift; sourceTree = "<group>"; };
		67E0D2962995551C00CDDC82 /* AppDatabase.swift */ = {isa = PBXFileReference; lastKnownFileType = sourcecode.swift; path = AppDatabase.swift; sourceTree = "<group>"; };
		67E0D2982995592100CDDC82 /* BotwGuide.entitlements */ = {isa = PBXFileReference; lastKnownFileType = text.plist.entitlements; path = BotwGuide.entitlements; sourceTree = "<group>"; };
		67E364792995F0680019D4D8 /* CGColorExt.swift */ = {isa = PBXFileReference; lastKnownFileType = sourcecode.swift; path = CGColorExt.swift; sourceTree = "<group>"; };
		67E3647B2995F0810019D4D8 /* ColorExt.swift */ = {isa = PBXFileReference; lastKnownFileType = sourcecode.swift; path = ColorExt.swift; sourceTree = "<group>"; };
		67E3647D2995F1790019D4D8 /* README.md */ = {isa = PBXFileReference; lastKnownFileType = net.daringfireball.markdown; path = README.md; sourceTree = "<group>"; };
		67E3647E2995F3890019D4D8 /* swift-format.config.json */ = {isa = PBXFileReference; fileEncoding = 4; lastKnownFileType = text.json; path = "swift-format.config.json"; sourceTree = "<group>"; };
/* End PBXFileReference section */

/* Begin PBXFrameworksBuildPhase section */
		6745DD4729949DE300C5A8DD /* Frameworks */ = {
			isa = PBXFrameworksBuildPhase;
			buildActionMask = 2147483647;
			files = (
				6745DD982994AC9400C5A8DD /* Pulse in Frameworks */,
				6745DD7929949DF700C5A8DD /* GRDBQuery in Frameworks */,
				6745DD7C29949E1500C5A8DD /* GRDB in Frameworks */,
			);
			runOnlyForDeploymentPostprocessing = 0;
		};
		6745DD5729949DE500C5A8DD /* Frameworks */ = {
			isa = PBXFrameworksBuildPhase;
			buildActionMask = 2147483647;
			files = (
			);
			runOnlyForDeploymentPostprocessing = 0;
		};
		6745DD6129949DE500C5A8DD /* Frameworks */ = {
			isa = PBXFrameworksBuildPhase;
			buildActionMask = 2147483647;
			files = (
			);
			runOnlyForDeploymentPostprocessing = 0;
		};
/* End PBXFrameworksBuildPhase section */

/* Begin PBXGroup section */
		6745DD4129949DE300C5A8DD = {
			isa = PBXGroup;
			children = (
				67E3647D2995F1790019D4D8 /* README.md */,
				67E3647E2995F3890019D4D8 /* swift-format.config.json */,
				6745DD4C29949DE300C5A8DD /* BotwGuide */,
				6745DD5D29949DE500C5A8DD /* BotwGuideTests */,
				6745DD6729949DE500C5A8DD /* BotwGuideUITests */,
				6745DD4B29949DE300C5A8DD /* Products */,
			);
			sourceTree = "<group>";
		};
		6745DD4B29949DE300C5A8DD /* Products */ = {
			isa = PBXGroup;
			children = (
				6745DD4A29949DE300C5A8DD /* BotwGuide.app */,
				6745DD5A29949DE500C5A8DD /* BotwGuideTests.xctest */,
				6745DD6429949DE500C5A8DD /* BotwGuideUITests.xctest */,
			);
			name = Products;
			sourceTree = "<group>";
		};
		6745DD4C29949DE300C5A8DD /* BotwGuide */ = {
			isa = PBXGroup;
			children = (
				67E0D2982995592100CDDC82 /* BotwGuide.entitlements */,
				6745DD5129949DE400C5A8DD /* Assets.xcassets */,
				6745DD5329949DE400C5A8DD /* Preview Content */,
				67E364782995F0540019D4D8 /* Extensions */,
				6745DD7F29949EA000C5A8DD /* Models */,
				6745DD8229949ED900C5A8DD /* Requests */,
				6745DD8929949F1300C5A8DD /* Views */,
				6745DD7D29949E6E00C5A8DD /* Persistence.swift */,
				6745DD4D29949DE300C5A8DD /* BotwGuideApp.swift */,
				67E0D2962995551C00CDDC82 /* AppDatabase.swift */,
			);
			path = BotwGuide;
			sourceTree = "<group>";
		};
		6745DD5329949DE400C5A8DD /* Preview Content */ = {
			isa = PBXGroup;
			children = (
				6745DD5429949DE400C5A8DD /* Preview Assets.xcassets */,
			);
			path = "Preview Content";
			sourceTree = "<group>";
		};
		6745DD5D29949DE500C5A8DD /* BotwGuideTests */ = {
			isa = PBXGroup;
			children = (
				6745DD5E29949DE500C5A8DD /* BotwGuideTests.swift */,
			);
			path = BotwGuideTests;
			sourceTree = "<group>";
		};
		6745DD6729949DE500C5A8DD /* BotwGuideUITests */ = {
			isa = PBXGroup;
			children = (
				6745DD6829949DE500C5A8DD /* BotwGuideUITests.swift */,
				6745DD6A29949DE500C5A8DD /* BotwGuideUITestsLaunchTests.swift */,
			);
			path = BotwGuideUITests;
			sourceTree = "<group>";
		};
		6745DD7F29949EA000C5A8DD /* Models */ = {
			isa = PBXGroup;
			children = (
				6745DD8029949EBA00C5A8DD /* Player.swift */,
			);
			path = Models;
			sourceTree = "<group>";
		};
		6745DD8229949ED900C5A8DD /* Requests */ = {
			isa = PBXGroup;
			children = (
				6745DD8329949EE700C5A8DD /* PlayerCountRequest.swift */,
				6745DD8529949EF600C5A8DD /* PlayerPresenceRequest.swift */,
				6745DD8729949F0900C5A8DD /* PlayerRequest.swift */,
			);
			path = Requests;
			sourceTree = "<group>";
		};
		6745DD8929949F1300C5A8DD /* Views */ = {
			isa = PBXGroup;
			children = (
				6745DD4F29949DE300C5A8DD /* ContentView.swift */,
				6745DD8E29949F5700C5A8DD /* PlayerEditionView.swift */,
				6745DD9029949F6800C5A8DD /* PlayerFormView.swift */,
				6745DD9229949F7900C5A8DD /* PlayerCreationView.swift */,
				6745DD9429949F8600C5A8DD /* PlayerListView.swift */,
			);
			path = Views;
			sourceTree = "<group>";
		};
		67E364782995F0540019D4D8 /* Extensions */ = {
			isa = PBXGroup;
			children = (
				67E364792995F0680019D4D8 /* CGColorExt.swift */,
				67E3647B2995F0810019D4D8 /* ColorExt.swift */,
			);
			path = Extensions;
			sourceTree = "<group>";
		};
/* End PBXGroup section */

/* Begin PBXNativeTarget section */
		6745DD4929949DE300C5A8DD /* BotwGuide */ = {
			isa = PBXNativeTarget;
			buildConfigurationList = 6745DD6E29949DE500C5A8DD /* Build configuration list for PBXNativeTarget "BotwGuide" */;
			buildPhases = (
				6745DD4629949DE300C5A8DD /* Sources */,
				6745DD4729949DE300C5A8DD /* Frameworks */,
				6745DD4829949DE300C5A8DD /* Resources */,
			);
			buildRules = (
			);
			dependencies = (
			);
			name = BotwGuide;
			packageProductDependencies = (
				6745DD7829949DF700C5A8DD /* GRDBQuery */,
				6745DD7B29949E1500C5A8DD /* GRDB */,
				6745DD972994AC9400C5A8DD /* Pulse */,
			);
			productName = BotwGuide;
			productReference = 6745DD4A29949DE300C5A8DD /* BotwGuide.app */;
			productType = "com.apple.product-type.application";
		};
		6745DD5929949DE500C5A8DD /* BotwGuideTests */ = {
			isa = PBXNativeTarget;
			buildConfigurationList = 6745DD7129949DE500C5A8DD /* Build configuration list for PBXNativeTarget "BotwGuideTests" */;
			buildPhases = (
				6745DD5629949DE500C5A8DD /* Sources */,
				6745DD5729949DE500C5A8DD /* Frameworks */,
				6745DD5829949DE500C5A8DD /* Resources */,
			);
			buildRules = (
			);
			dependencies = (
				6745DD5C29949DE500C5A8DD /* PBXTargetDependency */,
			);
			name = BotwGuideTests;
			productName = BotwGuideTests;
			productReference = 6745DD5A29949DE500C5A8DD /* BotwGuideTests.xctest */;
			productType = "com.apple.product-type.bundle.unit-test";
		};
		6745DD6329949DE500C5A8DD /* BotwGuideUITests */ = {
			isa = PBXNativeTarget;
			buildConfigurationList = 6745DD7429949DE500C5A8DD /* Build configuration list for PBXNativeTarget "BotwGuideUITests" */;
			buildPhases = (
				6745DD6029949DE500C5A8DD /* Sources */,
				6745DD6129949DE500C5A8DD /* Frameworks */,
				6745DD6229949DE500C5A8DD /* Resources */,
			);
			buildRules = (
			);
			dependencies = (
				6745DD6629949DE500C5A8DD /* PBXTargetDependency */,
			);
			name = BotwGuideUITests;
			productName = BotwGuideUITests;
			productReference = 6745DD6429949DE500C5A8DD /* BotwGuideUITests.xctest */;
			productType = "com.apple.product-type.bundle.ui-testing";
		};
/* End PBXNativeTarget section */

/* Begin PBXProject section */
		6745DD4229949DE300C5A8DD /* Project object */ = {
			isa = PBXProject;
			attributes = {
				BuildIndependentTargetsInParallel = 1;
				LastSwiftUpdateCheck = 1420;
				LastUpgradeCheck = 1420;
				TargetAttributes = {
					6745DD4929949DE300C5A8DD = {
						CreatedOnToolsVersion = 14.2;
					};
					6745DD5929949DE500C5A8DD = {
						CreatedOnToolsVersion = 14.2;
						TestTargetID = 6745DD4929949DE300C5A8DD;
					};
					6745DD6329949DE500C5A8DD = {
						CreatedOnToolsVersion = 14.2;
						TestTargetID = 6745DD4929949DE300C5A8DD;
					};
				};
			};
			buildConfigurationList = 6745DD4529949DE300C5A8DD /* Build configuration list for PBXProject "BotwGuide" */;
			compatibilityVersion = "Xcode 14.0";
			developmentRegion = en;
			hasScannedForEncodings = 0;
			knownRegions = (
				en,
				Base,
			);
			mainGroup = 6745DD4129949DE300C5A8DD;
			packageReferences = (
				6745DD7729949DF700C5A8DD /* XCRemoteSwiftPackageReference "GRDBQuery" */,
				6745DD7A29949E1500C5A8DD /* XCRemoteSwiftPackageReference "GRDB" */,
				6745DD962994AC9400C5A8DD /* XCRemoteSwiftPackageReference "Pulse" */,
			);
			productRefGroup = 6745DD4B29949DE300C5A8DD /* Products */;
			projectDirPath = "";
			projectRoot = "";
			targets = (
				6745DD4929949DE300C5A8DD /* BotwGuide */,
				6745DD5929949DE500C5A8DD /* BotwGuideTests */,
				6745DD6329949DE500C5A8DD /* BotwGuideUITests */,
			);
		};
/* End PBXProject section */

/* Begin PBXResourcesBuildPhase section */
		6745DD4829949DE300C5A8DD /* Resources */ = {
			isa = PBXResourcesBuildPhase;
			buildActionMask = 2147483647;
			files = (
				6745DD5529949DE400C5A8DD /* Preview Assets.xcassets in Resources */,
				6745DD5229949DE400C5A8DD /* Assets.xcassets in Resources */,
				67E3647F2995F3890019D4D8 /* swift-format.config.json in Resources */,
			);
			runOnlyForDeploymentPostprocessing = 0;
		};
		6745DD5829949DE500C5A8DD /* Resources */ = {
			isa = PBXResourcesBuildPhase;
			buildActionMask = 2147483647;
			files = (
			);
			runOnlyForDeploymentPostprocessing = 0;
		};
		6745DD6229949DE500C5A8DD /* Resources */ = {
			isa = PBXResourcesBuildPhase;
			buildActionMask = 2147483647;
			files = (
			);
			runOnlyForDeploymentPostprocessing = 0;
		};
/* End PBXResourcesBuildPhase section */

/* Begin PBXSourcesBuildPhase section */
		6745DD4629949DE300C5A8DD /* Sources */ = {
			isa = PBXSourcesBuildPhase;
			buildActionMask = 2147483647;
			files = (
				6745DD8129949EBA00C5A8DD /* Player.swift in Sources */,
				6745DD9129949F6800C5A8DD /* PlayerFormView.swift in Sources */,
				6745DD8829949F0900C5A8DD /* PlayerRequest.swift in Sources */,
				6745DD8429949EE700C5A8DD /* PlayerCountRequest.swift in Sources */,
				6745DD5029949DE300C5A8DD /* ContentView.swift in Sources */,
				6745DD9529949F8600C5A8DD /* PlayerListView.swift in Sources */,
				67E3647A2995F0680019D4D8 /* CGColorExt.swift in Sources */,
				6745DD8F29949F5700C5A8DD /* PlayerEditionView.swift in Sources */,
				6745DD9329949F7900C5A8DD /* PlayerCreationView.swift in Sources */,
				67E0D2972995551C00CDDC82 /* AppDatabase.swift in Sources */,
				6745DD8629949EF600C5A8DD /* PlayerPresenceRequest.swift in Sources */,
				6745DD7E29949E6E00C5A8DD /* Persistence.swift in Sources */,
				6745DD4E29949DE300C5A8DD /* BotwGuideApp.swift in Sources */,
				67E3647C2995F0810019D4D8 /* ColorExt.swift in Sources */,
			);
			runOnlyForDeploymentPostprocessing = 0;
		};
		6745DD5629949DE500C5A8DD /* Sources */ = {
			isa = PBXSourcesBuildPhase;
			buildActionMask = 2147483647;
			files = (
				6745DD5F29949DE500C5A8DD /* BotwGuideTests.swift in Sources */,
			);
			runOnlyForDeploymentPostprocessing = 0;
		};
		6745DD6029949DE500C5A8DD /* Sources */ = {
			isa = PBXSourcesBuildPhase;
			buildActionMask = 2147483647;
			files = (
				6745DD6929949DE500C5A8DD /* BotwGuideUITests.swift in Sources */,
				6745DD6B29949DE500C5A8DD /* BotwGuideUITestsLaunchTests.swift in Sources */,
			);
			runOnlyForDeploymentPostprocessing = 0;
		};
/* End PBXSourcesBuildPhase section */

/* Begin PBXTargetDependency section */
		6745DD5C29949DE500C5A8DD /* PBXTargetDependency */ = {
			isa = PBXTargetDependency;
			target = 6745DD4929949DE300C5A8DD /* BotwGuide */;
			targetProxy = 6745DD5B29949DE500C5A8DD /* PBXContainerItemProxy */;
		};
		6745DD6629949DE500C5A8DD /* PBXTargetDependency */ = {
			isa = PBXTargetDependency;
			target = 6745DD4929949DE300C5A8DD /* BotwGuide */;
			targetProxy = 6745DD6529949DE500C5A8DD /* PBXContainerItemProxy */;
		};
/* End PBXTargetDependency section */

/* Begin XCBuildConfiguration section */
		6745DD6C29949DE500C5A8DD /* Debug */ = {
			isa = XCBuildConfiguration;
			buildSettings = {
				ALWAYS_SEARCH_USER_PATHS = NO;
				CLANG_ANALYZER_NONNULL = YES;
				CLANG_ANALYZER_NUMBER_OBJECT_CONVERSION = YES_AGGRESSIVE;
				CLANG_CXX_LANGUAGE_STANDARD = "gnu++20";
				CLANG_ENABLE_MODULES = YES;
				CLANG_ENABLE_OBJC_ARC = YES;
				CLANG_ENABLE_OBJC_WEAK = YES;
				CLANG_WARN_BLOCK_CAPTURE_AUTORELEASING = YES;
				CLANG_WARN_BOOL_CONVERSION = YES;
				CLANG_WARN_COMMA = YES;
				CLANG_WARN_CONSTANT_CONVERSION = YES;
				CLANG_WARN_DEPRECATED_OBJC_IMPLEMENTATIONS = YES;
				CLANG_WARN_DIRECT_OBJC_ISA_USAGE = YES_ERROR;
				CLANG_WARN_DOCUMENTATION_COMMENTS = YES;
				CLANG_WARN_EMPTY_BODY = YES;
				CLANG_WARN_ENUM_CONVERSION = YES;
				CLANG_WARN_INFINITE_RECURSION = YES;
				CLANG_WARN_INT_CONVERSION = YES;
				CLANG_WARN_NON_LITERAL_NULL_CONVERSION = YES;
				CLANG_WARN_OBJC_IMPLICIT_RETAIN_SELF = YES;
				CLANG_WARN_OBJC_LITERAL_CONVERSION = YES;
				CLANG_WARN_OBJC_ROOT_CLASS = YES_ERROR;
				CLANG_WARN_QUOTED_INCLUDE_IN_FRAMEWORK_HEADER = YES;
				CLANG_WARN_RANGE_LOOP_ANALYSIS = YES;
				CLANG_WARN_STRICT_PROTOTYPES = YES;
				CLANG_WARN_SUSPICIOUS_MOVE = YES;
				CLANG_WARN_UNGUARDED_AVAILABILITY = YES_AGGRESSIVE;
				CLANG_WARN_UNREACHABLE_CODE = YES;
				CLANG_WARN__DUPLICATE_METHOD_MATCH = YES;
				COPY_PHASE_STRIP = NO;
				DEBUG_INFORMATION_FORMAT = dwarf;
				ENABLE_STRICT_OBJC_MSGSEND = YES;
				ENABLE_TESTABILITY = YES;
				GCC_C_LANGUAGE_STANDARD = gnu11;
				GCC_DYNAMIC_NO_PIC = NO;
				GCC_NO_COMMON_BLOCKS = YES;
				GCC_OPTIMIZATION_LEVEL = 0;
				GCC_PREPROCESSOR_DEFINITIONS = (
					"DEBUG=1",
					"$(inherited)",
				);
				GCC_WARN_64_TO_32_BIT_CONVERSION = YES;
				GCC_WARN_ABOUT_RETURN_TYPE = YES_ERROR;
				GCC_WARN_UNDECLARED_SELECTOR = YES;
				GCC_WARN_UNINITIALIZED_AUTOS = YES_AGGRESSIVE;
				GCC_WARN_UNUSED_FUNCTION = YES;
				GCC_WARN_UNUSED_VARIABLE = YES;
				IPHONEOS_DEPLOYMENT_TARGET = 16.2;
				MTL_ENABLE_DEBUG_INFO = INCLUDE_SOURCE;
				MTL_FAST_MATH = YES;
				ONLY_ACTIVE_ARCH = YES;
				SDKROOT = iphoneos;
				SWIFT_ACTIVE_COMPILATION_CONDITIONS = DEBUG;
				SWIFT_OPTIMIZATION_LEVEL = "-Onone";
			};
			name = Debug;
		};
		6745DD6D29949DE500C5A8DD /* Release */ = {
			isa = XCBuildConfiguration;
			buildSettings = {
				ALWAYS_SEARCH_USER_PATHS = NO;
				CLANG_ANALYZER_NONNULL = YES;
				CLANG_ANALYZER_NUMBER_OBJECT_CONVERSION = YES_AGGRESSIVE;
				CLANG_CXX_LANGUAGE_STANDARD = "gnu++20";
				CLANG_ENABLE_MODULES = YES;
				CLANG_ENABLE_OBJC_ARC = YES;
				CLANG_ENABLE_OBJC_WEAK = YES;
				CLANG_WARN_BLOCK_CAPTURE_AUTORELEASING = YES;
				CLANG_WARN_BOOL_CONVERSION = YES;
				CLANG_WARN_COMMA = YES;
				CLANG_WARN_CONSTANT_CONVERSION = YES;
				CLANG_WARN_DEPRECATED_OBJC_IMPLEMENTATIONS = YES;
				CLANG_WARN_DIRECT_OBJC_ISA_USAGE = YES_ERROR;
				CLANG_WARN_DOCUMENTATION_COMMENTS = YES;
				CLANG_WARN_EMPTY_BODY = YES;
				CLANG_WARN_ENUM_CONVERSION = YES;
				CLANG_WARN_INFINITE_RECURSION = YES;
				CLANG_WARN_INT_CONVERSION = YES;
				CLANG_WARN_NON_LITERAL_NULL_CONVERSION = YES;
				CLANG_WARN_OBJC_IMPLICIT_RETAIN_SELF = YES;
				CLANG_WARN_OBJC_LITERAL_CONVERSION = YES;
				CLANG_WARN_OBJC_ROOT_CLASS = YES_ERROR;
				CLANG_WARN_QUOTED_INCLUDE_IN_FRAMEWORK_HEADER = YES;
				CLANG_WARN_RANGE_LOOP_ANALYSIS = YES;
				CLANG_WARN_STRICT_PROTOTYPES = YES;
				CLANG_WARN_SUSPICIOUS_MOVE = YES;
				CLANG_WARN_UNGUARDED_AVAILABILITY = YES_AGGRESSIVE;
				CLANG_WARN_UNREACHABLE_CODE = YES;
				CLANG_WARN__DUPLICATE_METHOD_MATCH = YES;
				COPY_PHASE_STRIP = NO;
				DEBUG_INFORMATION_FORMAT = "dwarf-with-dsym";
				ENABLE_NS_ASSERTIONS = NO;
				ENABLE_STRICT_OBJC_MSGSEND = YES;
				GCC_C_LANGUAGE_STANDARD = gnu11;
				GCC_NO_COMMON_BLOCKS = YES;
				GCC_WARN_64_TO_32_BIT_CONVERSION = YES;
				GCC_WARN_ABOUT_RETURN_TYPE = YES_ERROR;
				GCC_WARN_UNDECLARED_SELECTOR = YES;
				GCC_WARN_UNINITIALIZED_AUTOS = YES_AGGRESSIVE;
				GCC_WARN_UNUSED_FUNCTION = YES;
				GCC_WARN_UNUSED_VARIABLE = YES;
				IPHONEOS_DEPLOYMENT_TARGET = 16.2;
				MTL_ENABLE_DEBUG_INFO = NO;
				MTL_FAST_MATH = YES;
				SDKROOT = iphoneos;
				SWIFT_COMPILATION_MODE = wholemodule;
				SWIFT_OPTIMIZATION_LEVEL = "-O";
				VALIDATE_PRODUCT = YES;
			};
			name = Release;
		};
		6745DD6F29949DE500C5A8DD /* Debug */ = {
			isa = XCBuildConfiguration;
			buildSettings = {
				ASSETCATALOG_COMPILER_APPICON_NAME = AppIcon;
				ASSETCATALOG_COMPILER_GLOBAL_ACCENT_COLOR_NAME = AccentColor;
				CODE_SIGN_ENTITLEMENTS = BotwGuide/BotwGuide.entitlements;
				CODE_SIGN_STYLE = Automatic;
				CURRENT_PROJECT_VERSION = 1;
				DEVELOPMENT_ASSET_PATHS = "\"BotwGuide/Preview Content\"";
				DEVELOPMENT_TEAM = TMK6S7TPX2;
				ENABLE_PREVIEWS = YES;
				GENERATE_INFOPLIST_FILE = YES;
				INFOPLIST_KEY_LSApplicationCategoryType = "public.app-category.reference";
				INFOPLIST_KEY_UIApplicationSceneManifest_Generation = YES;
				INFOPLIST_KEY_UIApplicationSupportsIndirectInputEvents = YES;
				INFOPLIST_KEY_UILaunchScreen_Generation = YES;
				INFOPLIST_KEY_UISupportedInterfaceOrientations_iPad = "UIInterfaceOrientationPortrait UIInterfaceOrientationPortraitUpsideDown UIInterfaceOrientationLandscapeLeft UIInterfaceOrientationLandscapeRight";
				INFOPLIST_KEY_UISupportedInterfaceOrientations_iPhone = "UIInterfaceOrientationPortrait UIInterfaceOrientationLandscapeLeft UIInterfaceOrientationLandscapeRight";
				LD_RUNPATH_SEARCH_PATHS = (
					"$(inherited)",
					"@executable_path/Frameworks",
				);
				MARKETING_VERSION = 1.0;
				PRODUCT_BUNDLE_IDENTIFIER = is.hawken.BotwGuide;
				PRODUCT_NAME = "$(TARGET_NAME)";
				SUPPORTED_PLATFORMS = "iphoneos iphonesimulator";
				SUPPORTS_MACCATALYST = YES;
				SUPPORTS_MAC_DESIGNED_FOR_IPHONE_IPAD = NO;
				SWIFT_EMIT_LOC_STRINGS = YES;
				SWIFT_VERSION = 5.0;
				TARGETED_DEVICE_FAMILY = "1,2";
			};
			name = Debug;
		};
		6745DD7029949DE500C5A8DD /* Release */ = {
			isa = XCBuildConfiguration;
			buildSettings = {
				ASSETCATALOG_COMPILER_APPICON_NAME = AppIcon;
				ASSETCATALOG_COMPILER_GLOBAL_ACCENT_COLOR_NAME = AccentColor;
				CODE_SIGN_ENTITLEMENTS = BotwGuide/BotwGuide.entitlements;
				CODE_SIGN_STYLE = Automatic;
				CURRENT_PROJECT_VERSION = 1;
				DEVELOPMENT_ASSET_PATHS = "\"BotwGuide/Preview Content\"";
				DEVELOPMENT_TEAM = TMK6S7TPX2;
				ENABLE_PREVIEWS = YES;
				GENERATE_INFOPLIST_FILE = YES;
				INFOPLIST_KEY_LSApplicationCategoryType = "public.app-category.reference";
				INFOPLIST_KEY_UIApplicationSceneManifest_Generation = YES;
				INFOPLIST_KEY_UIApplicationSupportsIndirectInputEvents = YES;
				INFOPLIST_KEY_UILaunchScreen_Generation = YES;
				INFOPLIST_KEY_UISupportedInterfaceOrientations_iPad = "UIInterfaceOrientationPortrait UIInterfaceOrientationPortraitUpsideDown UIInterfaceOrientationLandscapeLeft UIInterfaceOrientationLandscapeRight";
				INFOPLIST_KEY_UISupportedInterfaceOrientations_iPhone = "UIInterfaceOrientationPortrait UIInterfaceOrientationLandscapeLeft UIInterfaceOrientationLandscapeRight";
				LD_RUNPATH_SEARCH_PATHS = (
					"$(inherited)",
					"@executable_path/Frameworks",
				);
				MARKETING_VERSION = 1.0;
				PRODUCT_BUNDLE_IDENTIFIER = is.hawken.BotwGuide;
				PRODUCT_NAME = "$(TARGET_NAME)";
				SUPPORTED_PLATFORMS = "iphoneos iphonesimulator";
				SUPPORTS_MACCATALYST = YES;
				SUPPORTS_MAC_DESIGNED_FOR_IPHONE_IPAD = NO;
				SWIFT_EMIT_LOC_STRINGS = YES;
				SWIFT_VERSION = 5.0;
				TARGETED_DEVICE_FAMILY = "1,2";
			};
			name = Release;
		};
		6745DD7229949DE500C5A8DD /* Debug */ = {
			isa = XCBuildConfiguration;
			buildSettings = {
				ALWAYS_EMBED_SWIFT_STANDARD_LIBRARIES = YES;
				BUNDLE_LOADER = "$(TEST_HOST)";
				CODE_SIGN_STYLE = Automatic;
				CURRENT_PROJECT_VERSION = 1;
				DEVELOPMENT_TEAM = TMK6S7TPX2;
				GENERATE_INFOPLIST_FILE = YES;
				IPHONEOS_DEPLOYMENT_TARGET = 16.2;
				MARKETING_VERSION = 1.0;
				PRODUCT_BUNDLE_IDENTIFIER = is.hawken.BotwGuideTests;
				PRODUCT_NAME = "$(TARGET_NAME)";
				SWIFT_EMIT_LOC_STRINGS = NO;
				SWIFT_VERSION = 5.0;
				TARGETED_DEVICE_FAMILY = "1,2";
				TEST_HOST = "$(BUILT_PRODUCTS_DIR)/BotwGuide.app/$(BUNDLE_EXECUTABLE_FOLDER_PATH)/BotwGuide";
			};
			name = Debug;
		};
		6745DD7329949DE500C5A8DD /* Release */ = {
			isa = XCBuildConfiguration;
			buildSettings = {
				ALWAYS_EMBED_SWIFT_STANDARD_LIBRARIES = YES;
				BUNDLE_LOADER = "$(TEST_HOST)";
				CODE_SIGN_STYLE = Automatic;
				CURRENT_PROJECT_VERSION = 1;
				DEVELOPMENT_TEAM = TMK6S7TPX2;
				GENERATE_INFOPLIST_FILE = YES;
				IPHONEOS_DEPLOYMENT_TARGET = 16.2;
				MARKETING_VERSION = 1.0;
				PRODUCT_BUNDLE_IDENTIFIER = is.hawken.BotwGuideTests;
				PRODUCT_NAME = "$(TARGET_NAME)";
				SWIFT_EMIT_LOC_STRINGS = NO;
				SWIFT_VERSION = 5.0;
				TARGETED_DEVICE_FAMILY = "1,2";
				TEST_HOST = "$(BUILT_PRODUCTS_DIR)/BotwGuide.app/$(BUNDLE_EXECUTABLE_FOLDER_PATH)/BotwGuide";
			};
			name = Release;
		};
		6745DD7529949DE500C5A8DD /* Debug */ = {
			isa = XCBuildConfiguration;
			buildSettings = {
				ALWAYS_EMBED_SWIFT_STANDARD_LIBRARIES = YES;
				CODE_SIGN_STYLE = Automatic;
				CURRENT_PROJECT_VERSION = 1;
				DEVELOPMENT_TEAM = TMK6S7TPX2;
				GENERATE_INFOPLIST_FILE = YES;
				MARKETING_VERSION = 1.0;
				PRODUCT_BUNDLE_IDENTIFIER = is.hawken.BotwGuideUITests;
				PRODUCT_NAME = "$(TARGET_NAME)";
				SWIFT_EMIT_LOC_STRINGS = NO;
				SWIFT_VERSION = 5.0;
				TARGETED_DEVICE_FAMILY = "1,2";
				TEST_TARGET_NAME = BotwGuide;
			};
			name = Debug;
		};
		6745DD7629949DE500C5A8DD /* Release */ = {
			isa = XCBuildConfiguration;
			buildSettings = {
				ALWAYS_EMBED_SWIFT_STANDARD_LIBRARIES = YES;
				CODE_SIGN_STYLE = Automatic;
				CURRENT_PROJECT_VERSION = 1;
				DEVELOPMENT_TEAM = TMK6S7TPX2;
				GENERATE_INFOPLIST_FILE = YES;
				MARKETING_VERSION = 1.0;
				PRODUCT_BUNDLE_IDENTIFIER = is.hawken.BotwGuideUITests;
				PRODUCT_NAME = "$(TARGET_NAME)";
				SWIFT_EMIT_LOC_STRINGS = NO;
				SWIFT_VERSION = 5.0;
				TARGETED_DEVICE_FAMILY = "1,2";
				TEST_TARGET_NAME = BotwGuide;
			};
			name = Release;
		};
/* End XCBuildConfiguration section */

/* Begin XCConfigurationList section */
		6745DD4529949DE300C5A8DD /* Build configuration list for PBXProject "BotwGuide" */ = {
			isa = XCConfigurationList;
			buildConfigurations = (
				6745DD6C29949DE500C5A8DD /* Debug */,
				6745DD6D29949DE500C5A8DD /* Release */,
			);
			defaultConfigurationIsVisible = 0;
			defaultConfigurationName = Release;
		};
		6745DD6E29949DE500C5A8DD /* Build configuration list for PBXNativeTarget "BotwGuide" */ = {
			isa = XCConfigurationList;
			buildConfigurations = (
				6745DD6F29949DE500C5A8DD /* Debug */,
				6745DD7029949DE500C5A8DD /* Release */,
			);
			defaultConfigurationIsVisible = 0;
			defaultConfigurationName = Release;
		};
		6745DD7129949DE500C5A8DD /* Build configuration list for PBXNativeTarget "BotwGuideTests" */ = {
			isa = XCConfigurationList;
			buildConfigurations = (
				6745DD7229949DE500C5A8DD /* Debug */,
				6745DD7329949DE500C5A8DD /* Release */,
			);
			defaultConfigurationIsVisible = 0;
			defaultConfigurationName = Release;
		};
		6745DD7429949DE500C5A8DD /* Build configuration list for PBXNativeTarget "BotwGuideUITests" */ = {
			isa = XCConfigurationList;
			buildConfigurations = (
				6745DD7529949DE500C5A8DD /* Debug */,
				6745DD7629949DE500C5A8DD /* Release */,
			);
			defaultConfigurationIsVisible = 0;
			defaultConfigurationName = Release;
		};
/* End XCConfigurationList section */

/* Begin XCRemoteSwiftPackageReference section */
		6745DD7729949DF700C5A8DD /* XCRemoteSwiftPackageReference "GRDBQuery" */ = {
			isa = XCRemoteSwiftPackageReference;
			repositoryURL = "https://github.com/groue/GRDBQuery";
			requirement = {
				kind = upToNextMajorVersion;
				minimumVersion = 0.5.1;
			};
		};
		6745DD7A29949E1500C5A8DD /* XCRemoteSwiftPackageReference "GRDB" */ = {
			isa = XCRemoteSwiftPackageReference;
			repositoryURL = "https://github.com/groue/GRDB.swift";
			requirement = {
				kind = upToNextMajorVersion;
				minimumVersion = 6.6.1;
			};
		};
		6745DD962994AC9400C5A8DD /* XCRemoteSwiftPackageReference "Pulse" */ = {
			isa = XCRemoteSwiftPackageReference;
			repositoryURL = "https://github.com/kean/Pulse";
			requirement = {
				kind = upToNextMajorVersion;
				minimumVersion = 3.0.0;
			};
		};
/* End XCRemoteSwiftPackageReference section */

/* Begin XCSwiftPackageProductDependency section */
		6745DD7829949DF700C5A8DD /* GRDBQuery */ = {
			isa = XCSwiftPackageProductDependency;
			package = 6745DD7729949DF700C5A8DD /* XCRemoteSwiftPackageReference "GRDBQuery" */;
			productName = GRDBQuery;
		};
		6745DD7B29949E1500C5A8DD /* GRDB */ = {
			isa = XCSwiftPackageProductDependency;
			package = 6745DD7A29949E1500C5A8DD /* XCRemoteSwiftPackageReference "GRDB" */;
			productName = GRDB;
		};
		6745DD972994AC9400C5A8DD /* Pulse */ = {
			isa = XCSwiftPackageProductDependency;
			package = 6745DD962994AC9400C5A8DD /* XCRemoteSwiftPackageReference "Pulse" */;
			productName = Pulse;
		};
/* End XCSwiftPackageProductDependency section */
	};
	rootObject = 6745DD4229949DE300C5A8DD /* Project object */;
}
